
Microsoft Visual Studio Solution File, Format Version 12.00
# Visual Studio Version 17
VisualStudioVersion = 17.4.33213.308
MinimumVisualStudioVersion = 10.0.40219.1
Project("{FAE04EC0-301F-11D3-BF4B-00C04F79EFBC}") = "OkulProjesi", "OkulProjesi.csproj", "{77B4D830-B6CB-4E0F-82EE-9FC7E7F6E8A4}"
EndProject
Global
	GlobalSection(SolutionConfigurationPlatforms) = preSolution
		Debug|Any CPU = Debug|Any CPU
		Release|Any CPU = Release|Any CPU
	EndGlobalSection
	GlobalSection(ProjectConfigurationPlatforms) = postSolution
		{77B4D830-B6CB-4E0F-82EE-9FC7E7F6E8A4}.Debug|Any CPU.ActiveCfg = Debug|Any CPU
		{77B4D830-B6CB-4E0F-82EE-9FC7E7F6E8A4}.Debug|Any CPU.Build.0 = Debug|Any CPU
		{77B4D830-B6CB-4E0F-82EE-9FC7E7F6E8A4}.Release|Any CPU.ActiveCfg = Release|Any CPU
		{77B4D830-B6CB-4E0F-82EE-9FC7E7F6E8A4}.Release|Any CPU.Build.0 = Release|Any CPU
	EndGlobalSection
	GlobalSection(SolutionProperties) = preSolution
		HideSolutionNode = FALSE
	EndGlobalSection
	GlobalSection(ExtensibilityGlobals) = postSolution
		SolutionGuid = {64A3BC1B-621C-454C-9C40-3A3318EFB9CC}
	EndGlobalSection
EndGlobal
